
Microsoft Visual Studio Solution File, Format Version 12.00
# Visual Studio Version 17
VisualStudioVersion = 17.12.35527.113
MinimumVisualStudioVersion = 10.0.40219.1
Project("{FAE04EC0-301F-11D3-BF4B-00C04F79EFBC}") = "ProductTask", "ProductTask\ProductTask.csproj", "{ED1D9332-A2F9-423E-810E-1FC6D8C3BA68}"
EndProject
Project("{2150E333-8FDC-42A3-9474-1A3956D46DE8}") = "src", "src", "{EB27B013-EB2F-431C-9076-3294C841680F}"
EndProject
Project("{2150E333-8FDC-42A3-9474-1A3956D46DE8}") = "test", "test", "{7B137C11-1356-46C6-A8BE-2E6CCB7D1DEA}"
EndProject
Project("{2150E333-8FDC-42A3-9474-1A3956D46DE8}") = "api", "api", "{E7E3F4AB-E499-4FB3-9B5D-8265CAE2284D}"
EndProject
Project("{2150E333-8FDC-42A3-9474-1A3956D46DE8}") = "core", "core", "{410A4512-3189-4BB9-A8C8-F51E50BBC65A}"
EndProject
Project("{2150E333-8FDC-42A3-9474-1A3956D46DE8}") = "Infrastructure", "Infrastructure", "{65BE4946-355B-44AE-B401-0ED324B28E4F}"
EndProject
Project("{FAE04EC0-301F-11D3-BF4B-00C04F79EFBC}") = "Application", "Application\Application.csproj", "{F37B44FB-3F44-4794-85AE-2294723FFF51}"
EndProject
Project("{FAE04EC0-301F-11D3-BF4B-00C04F79EFBC}") = "Domain", "Domain\Domain.csproj", "{2EEFD9FF-A120-4362-855A-03533CCF128E}"
EndProject
Project("{FAE04EC0-301F-11D3-BF4B-00C04F79EFBC}") = "Infrastructure", "Infrastructure\Infrastructure.csproj", "{103AA9DD-EC01-4BBA-B35B-CB159C030A56}"
EndProject
Project("{FAE04EC0-301F-11D3-BF4B-00C04F79EFBC}") = "ProductTestProject", "ProductTestProject\ProductTestProject.csproj", "{A5029E9E-9CDC-4A68-A852-CEC77A5077B6}"
EndProject
Global
	GlobalSection(SolutionConfigurationPlatforms) = preSolution
		Debug|Any CPU = Debug|Any CPU
		Release|Any CPU = Release|Any CPU
	EndGlobalSection
	GlobalSection(ProjectConfigurationPlatforms) = postSolution
		{ED1D9332-A2F9-423E-810E-1FC6D8C3BA68}.Debug|Any CPU.ActiveCfg = Debug|Any CPU
		{ED1D9332-A2F9-423E-810E-1FC6D8C3BA68}.Debug|Any CPU.Build.0 = Debug|Any CPU
		{ED1D9332-A2F9-423E-810E-1FC6D8C3BA68}.Release|Any CPU.ActiveCfg = Release|Any CPU
		{ED1D9332-A2F9-423E-810E-1FC6D8C3BA68}.Release|Any CPU.Build.0 = Release|Any CPU
		{F37B44FB-3F44-4794-85AE-2294723FFF51}.Debug|Any CPU.ActiveCfg = Debug|Any CPU
		{F37B44FB-3F44-4794-85AE-2294723FFF51}.Debug|Any CPU.Build.0 = Debug|Any CPU
		{F37B44FB-3F44-4794-85AE-2294723FFF51}.Release|Any CPU.ActiveCfg = Release|Any CPU
		{F37B44FB-3F44-4794-85AE-2294723FFF51}.Release|Any CPU.Build.0 = Release|Any CPU
		{2EEFD9FF-A120-4362-855A-03533CCF128E}.Debug|Any CPU.ActiveCfg = Debug|Any CPU
		{2EEFD9FF-A120-4362-855A-03533CCF128E}.Debug|Any CPU.Build.0 = Debug|Any CPU
		{2EEFD9FF-A120-4362-855A-03533CCF128E}.Release|Any CPU.ActiveCfg = Release|Any CPU
		{2EEFD9FF-A120-4362-855A-03533CCF128E}.Release|Any CPU.Build.0 = Release|Any CPU
		{103AA9DD-EC01-4BBA-B35B-CB159C030A56}.Debug|Any CPU.ActiveCfg = Debug|Any CPU
		{103AA9DD-EC01-4BBA-B35B-CB159C030A56}.Debug|Any CPU.Build.0 = Debug|Any CPU
		{103AA9DD-EC01-4BBA-B35B-CB159C030A56}.Release|Any CPU.ActiveCfg = Release|Any CPU
		{103AA9DD-EC01-4BBA-B35B-CB159C030A56}.Release|Any CPU.Build.0 = Release|Any CPU
		{A5029E9E-9CDC-4A68-A852-CEC77A5077B6}.Debug|Any CPU.ActiveCfg = Debug|Any CPU
		{A5029E9E-9CDC-4A68-A852-CEC77A5077B6}.Debug|Any CPU.Build.0 = Debug|Any CPU
		{A5029E9E-9CDC-4A68-A852-CEC77A5077B6}.Release|Any CPU.ActiveCfg = Release|Any CPU
		{A5029E9E-9CDC-4A68-A852-CEC77A5077B6}.Release|Any CPU.Build.0 = Release|Any CPU
	EndGlobalSection
	GlobalSection(SolutionProperties) = preSolution
		HideSolutionNode = FALSE
	EndGlobalSection
	GlobalSection(NestedProjects) = preSolution
		{ED1D9332-A2F9-423E-810E-1FC6D8C3BA68} = {E7E3F4AB-E499-4FB3-9B5D-8265CAE2284D}
		{E7E3F4AB-E499-4FB3-9B5D-8265CAE2284D} = {EB27B013-EB2F-431C-9076-3294C841680F}
		{410A4512-3189-4BB9-A8C8-F51E50BBC65A} = {EB27B013-EB2F-431C-9076-3294C841680F}
		{65BE4946-355B-44AE-B401-0ED324B28E4F} = {EB27B013-EB2F-431C-9076-3294C841680F}
		{F37B44FB-3F44-4794-85AE-2294723FFF51} = {410A4512-3189-4BB9-A8C8-F51E50BBC65A}
		{2EEFD9FF-A120-4362-855A-03533CCF128E} = {410A4512-3189-4BB9-A8C8-F51E50BBC65A}
		{103AA9DD-EC01-4BBA-B35B-CB159C030A56} = {65BE4946-355B-44AE-B401-0ED324B28E4F}
		{A5029E9E-9CDC-4A68-A852-CEC77A5077B6} = {7B137C11-1356-46C6-A8BE-2E6CCB7D1DEA}
	EndGlobalSection
EndGlobal
